
Microsoft Visual Studio Solution File, Format Version 12.00
# Visual Studio Version 17
VisualStudioVersion = 17.14.36408.4
MinimumVisualStudioVersion = 10.0.40219.1
Project("{FAE04EC0-301F-11D3-BF4B-00C04F79EFBC}") = "BudgetManager.API", "BudgetManager.API\BudgetManager.API.csproj", "{117AB230-F821-4C47-B733-696F960B4542}"
EndProject
Project("{FAE04EC0-301F-11D3-BF4B-00C04F79EFBC}") = "BudgetManager.UI", "BudgetManager.UI\BudgetManager.UI.csproj", "{3BEA2565-C5EC-42E4-9D33-1C80B58641A4}"
EndProject
Project("{FAE04EC0-301F-11D3-BF4B-00C04F79EFBC}") = "BudgetManager.Shared", "BudgetManager.Shared\BudgetManager.Shared.csproj", "{9166CBD2-E9A8-4824-966B-3ED0114E9C8D}"
EndProject
Global
	GlobalSection(SolutionConfigurationPlatforms) = preSolution
		Debug|Any CPU = Debug|Any CPU
		Release|Any CPU = Release|Any CPU
	EndGlobalSection
	GlobalSection(ProjectConfigurationPlatforms) = postSolution
		{117AB230-F821-4C47-B733-696F960B4542}.Debug|Any CPU.ActiveCfg = Debug|Any CPU
		{117AB230-F821-4C47-B733-696F960B4542}.Debug|Any CPU.Build.0 = Debug|Any CPU
		{117AB230-F821-4C47-B733-696F960B4542}.Release|Any CPU.ActiveCfg = Release|Any CPU
		{117AB230-F821-4C47-B733-696F960B4542}.Release|Any CPU.Build.0 = Release|Any CPU
		{3BEA2565-C5EC-42E4-9D33-1C80B58641A4}.Debug|Any CPU.ActiveCfg = Debug|Any CPU
		{3BEA2565-C5EC-42E4-9D33-1C80B58641A4}.Debug|Any CPU.Build.0 = Debug|Any CPU
		{3BEA2565-C5EC-42E4-9D33-1C80B58641A4}.Release|Any CPU.ActiveCfg = Release|Any CPU
		{3BEA2565-C5EC-42E4-9D33-1C80B58641A4}.Release|Any CPU.Build.0 = Release|Any CPU
		{9166CBD2-E9A8-4824-966B-3ED0114E9C8D}.Debug|Any CPU.ActiveCfg = Debug|Any CPU
		{9166CBD2-E9A8-4824-966B-3ED0114E9C8D}.Debug|Any CPU.Build.0 = Debug|Any CPU
		{9166CBD2-E9A8-4824-966B-3ED0114E9C8D}.Release|Any CPU.ActiveCfg = Release|Any CPU
		{9166CBD2-E9A8-4824-966B-3ED0114E9C8D}.Release|Any CPU.Build.0 = Release|Any CPU
	EndGlobalSection
	GlobalSection(SolutionProperties) = preSolution
		HideSolutionNode = FALSE
	EndGlobalSection
	GlobalSection(ExtensibilityGlobals) = postSolution
		SolutionGuid = {F025FF6F-31C9-47A7-8378-DFE17FB975F6}
	EndGlobalSection
EndGlobal
